
Microsoft Visual Studio Solution File, Format Version 12.00
# Visual Studio Version 16
VisualStudioVersion = 16.0.809.6
MinimumVisualStudioVersion = 10.0.40219.1
Project("{FAE04EC0-301F-11D3-BF4B-00C04F79EFBC}") = "Tweet_Analyzer", "Tweet_Analyzer\Tweet_Analyzer.csproj", "{CA41FB8C-BE45-4200-A7CC-89FABC501825}"
EndProject
Global
	GlobalSection(SolutionConfigurationPlatforms) = preSolution
		Debug|Any CPU = Debug|Any CPU
		Release|Any CPU = Release|Any CPU
	EndGlobalSection
	GlobalSection(ProjectConfigurationPlatforms) = postSolution
		{CA41FB8C-BE45-4200-A7CC-89FABC501825}.Debug|Any CPU.ActiveCfg = Debug|Any CPU
		{CA41FB8C-BE45-4200-A7CC-89FABC501825}.Debug|Any CPU.Build.0 = Debug|Any CPU
		{CA41FB8C-BE45-4200-A7CC-89FABC501825}.Release|Any CPU.ActiveCfg = Release|Any CPU
		{CA41FB8C-BE45-4200-A7CC-89FABC501825}.Release|Any CPU.Build.0 = Release|Any CPU
	EndGlobalSection
	GlobalSection(SolutionProperties) = preSolution
		HideSolutionNode = FALSE
	EndGlobalSection
	GlobalSection(ExtensibilityGlobals) = postSolution
		SolutionGuid = {21FD8C01-72F3-4B68-AB04-160ED2B83E24}
	EndGlobalSection
EndGlobal
